
Microsoft Visual Studio Solution File, Format Version 12.00
# Visual Studio Version 16
VisualStudioVersion = 16.0.30104.148
MinimumVisualStudioVersion = 10.0.40219.1
Project("{FAE04EC0-301F-11D3-BF4B-00C04F79EFBC}") = "CodingGameCompactor.Service", "CodingGameCompactor.Service\CodingGameCompactor.Service.csproj", "{EAC811D2-2DA1-4500-97C1-83D7FE51FB57}"
EndProject
Project("{FAE04EC0-301F-11D3-BF4B-00C04F79EFBC}") = "CodingGameCompactor.UI", "CodingGameCompactor.UI\CodingGameCompactor.UI.csproj", "{D06536F8-1D28-45A7-B480-DC1D1A64B81C}"
EndProject
Global
	GlobalSection(SolutionConfigurationPlatforms) = preSolution
		Debug|Any CPU = Debug|Any CPU
		Release|Any CPU = Release|Any CPU
	EndGlobalSection
	GlobalSection(ProjectConfigurationPlatforms) = postSolution
		{EAC811D2-2DA1-4500-97C1-83D7FE51FB57}.Debug|Any CPU.ActiveCfg = Debug|Any CPU
		{EAC811D2-2DA1-4500-97C1-83D7FE51FB57}.Debug|Any CPU.Build.0 = Debug|Any CPU
		{EAC811D2-2DA1-4500-97C1-83D7FE51FB57}.Release|Any CPU.ActiveCfg = Release|Any CPU
		{EAC811D2-2DA1-4500-97C1-83D7FE51FB57}.Release|Any CPU.Build.0 = Release|Any CPU
		{D06536F8-1D28-45A7-B480-DC1D1A64B81C}.Debug|Any CPU.ActiveCfg = Debug|Any CPU
		{D06536F8-1D28-45A7-B480-DC1D1A64B81C}.Debug|Any CPU.Build.0 = Debug|Any CPU
		{D06536F8-1D28-45A7-B480-DC1D1A64B81C}.Release|Any CPU.ActiveCfg = Release|Any CPU
		{D06536F8-1D28-45A7-B480-DC1D1A64B81C}.Release|Any CPU.Build.0 = Release|Any CPU
	EndGlobalSection
	GlobalSection(SolutionProperties) = preSolution
		HideSolutionNode = FALSE
	EndGlobalSection
	GlobalSection(ExtensibilityGlobals) = postSolution
		SolutionGuid = {BE9F3544-9EB7-4920-BE6A-306E6DF2A1C4}
	EndGlobalSection
EndGlobal
